
Microsoft Visual Studio Solution File, Format Version 12.00
# Visual Studio Version 16
VisualStudioVersion = 16.0.31005.135
MinimumVisualStudioVersion = 10.0.40219.1
Project("{FAE04EC0-301F-11D3-BF4B-00C04F79EFBC}") = "Formulario Transito", "Formulario Transito\Formulario Transito.csproj", "{126348A9-EA53-491C-B949-E5C67297AD4C}"
EndProject
Global
	GlobalSection(SolutionConfigurationPlatforms) = preSolution
		Debug|Any CPU = Debug|Any CPU
		Release|Any CPU = Release|Any CPU
	EndGlobalSection
	GlobalSection(ProjectConfigurationPlatforms) = postSolution
		{126348A9-EA53-491C-B949-E5C67297AD4C}.Debug|Any CPU.ActiveCfg = Debug|Any CPU
		{126348A9-EA53-491C-B949-E5C67297AD4C}.Debug|Any CPU.Build.0 = Debug|Any CPU
		{126348A9-EA53-491C-B949-E5C67297AD4C}.Release|Any CPU.ActiveCfg = Release|Any CPU
		{126348A9-EA53-491C-B949-E5C67297AD4C}.Release|Any CPU.Build.0 = Release|Any CPU
	EndGlobalSection
	GlobalSection(SolutionProperties) = preSolution
		HideSolutionNode = FALSE
	EndGlobalSection
	GlobalSection(ExtensibilityGlobals) = postSolution
		SolutionGuid = {F71444AF-F543-4AAA-BB77-B9CC055D1C49}
	EndGlobalSection
EndGlobal
